
Microsoft Visual Studio Solution File, Format Version 12.00
# Visual Studio Version 16
VisualStudioVersion = 16.0.30709.132
MinimumVisualStudioVersion = 10.0.40219.1
Project("{FAE04EC0-301F-11D3-BF4B-00C04F79EFBC}") = "AddMsTeamsLinkToAppointmentPlugin", "AddMsTeamsLinkToAppointmentPlugin\AddMsTeamsLinkToAppointmentPlugin.csproj", "{064E5F9C-E311-4125-B3C5-0780F313DBB5}"
EndProject
Global
	GlobalSection(SolutionConfigurationPlatforms) = preSolution
		Debug|Any CPU = Debug|Any CPU
		Release|Any CPU = Release|Any CPU
	EndGlobalSection
	GlobalSection(ProjectConfigurationPlatforms) = postSolution
		{064E5F9C-E311-4125-B3C5-0780F313DBB5}.Debug|Any CPU.ActiveCfg = Debug|Any CPU
		{064E5F9C-E311-4125-B3C5-0780F313DBB5}.Debug|Any CPU.Build.0 = Debug|Any CPU
		{064E5F9C-E311-4125-B3C5-0780F313DBB5}.Release|Any CPU.ActiveCfg = Release|Any CPU
		{064E5F9C-E311-4125-B3C5-0780F313DBB5}.Release|Any CPU.Build.0 = Release|Any CPU
	EndGlobalSection
	GlobalSection(SolutionProperties) = preSolution
		HideSolutionNode = FALSE
	EndGlobalSection
	GlobalSection(ExtensibilityGlobals) = postSolution
		SolutionGuid = {BCA39DE7-25AE-4017-82AC-D2E3EFD44760}
	EndGlobalSection
EndGlobal
